
Microsoft Visual Studio Solution File, Format Version 12.00
# Visual Studio 2013
VisualStudioVersion = 12.0.30723.0
MinimumVisualStudioVersion = 10.0.40219.1
Project("{FAE04EC0-301F-11D3-BF4B-00C04F79EFBC}") = "ResetAth.AutofacMvc", "ResetAth.AutofacMvc\ResetAth.AutofacMvc.csproj", "{B0C715C7-A42F-4509-A7A9-F0632DE85A13}"
EndProject
Project("{FAE04EC0-301F-11D3-BF4B-00C04F79EFBC}") = "ResetAth.NoAutofac", "ResetAth.NoAutofac\ResetAth.NoAutofac.csproj", "{72DF6F61-44FE-4403-AD8F-CF5A1FEC0308}"
EndProject
Project("{FAE04EC0-301F-11D3-BF4B-00C04F79EFBC}") = "ResetAth.Autofac", "ResetAth.Autofac\ResetAth.Autofac.csproj", "{1B5F12E0-6E9F-40C3-A088-566C92C4C300}"
EndProject
Project("{FAE04EC0-301F-11D3-BF4B-00C04F79EFBC}") = "ResetAth.Test", "ResetAth.Test\ResetAth.Test.csproj", "{F94DF449-CDA5-4086-8EF2-240ADDF50C48}"
EndProject
Global
	GlobalSection(SolutionConfigurationPlatforms) = preSolution
		Debug|Any CPU = Debug|Any CPU
		Release|Any CPU = Release|Any CPU
	EndGlobalSection
	GlobalSection(ProjectConfigurationPlatforms) = postSolution
		{B0C715C7-A42F-4509-A7A9-F0632DE85A13}.Debug|Any CPU.ActiveCfg = Debug|Any CPU
		{B0C715C7-A42F-4509-A7A9-F0632DE85A13}.Debug|Any CPU.Build.0 = Debug|Any CPU
		{B0C715C7-A42F-4509-A7A9-F0632DE85A13}.Release|Any CPU.ActiveCfg = Release|Any CPU
		{B0C715C7-A42F-4509-A7A9-F0632DE85A13}.Release|Any CPU.Build.0 = Release|Any CPU
		{72DF6F61-44FE-4403-AD8F-CF5A1FEC0308}.Debug|Any CPU.ActiveCfg = Debug|Any CPU
		{72DF6F61-44FE-4403-AD8F-CF5A1FEC0308}.Debug|Any CPU.Build.0 = Debug|Any CPU
		{72DF6F61-44FE-4403-AD8F-CF5A1FEC0308}.Release|Any CPU.ActiveCfg = Release|Any CPU
		{72DF6F61-44FE-4403-AD8F-CF5A1FEC0308}.Release|Any CPU.Build.0 = Release|Any CPU
		{1B5F12E0-6E9F-40C3-A088-566C92C4C300}.Debug|Any CPU.ActiveCfg = Debug|Any CPU
		{1B5F12E0-6E9F-40C3-A088-566C92C4C300}.Debug|Any CPU.Build.0 = Debug|Any CPU
		{1B5F12E0-6E9F-40C3-A088-566C92C4C300}.Release|Any CPU.ActiveCfg = Release|Any CPU
		{1B5F12E0-6E9F-40C3-A088-566C92C4C300}.Release|Any CPU.Build.0 = Release|Any CPU
		{F94DF449-CDA5-4086-8EF2-240ADDF50C48}.Debug|Any CPU.ActiveCfg = Debug|Any CPU
		{F94DF449-CDA5-4086-8EF2-240ADDF50C48}.Debug|Any CPU.Build.0 = Debug|Any CPU
		{F94DF449-CDA5-4086-8EF2-240ADDF50C48}.Release|Any CPU.ActiveCfg = Release|Any CPU
		{F94DF449-CDA5-4086-8EF2-240ADDF50C48}.Release|Any CPU.Build.0 = Release|Any CPU
	EndGlobalSection
	GlobalSection(SolutionProperties) = preSolution
		HideSolutionNode = FALSE
	EndGlobalSection
EndGlobal
